
Microsoft Visual Studio Solution File, Format Version 12.00
# Visual Studio Version 16
VisualStudioVersion = 16.0.29215.179
MinimumVisualStudioVersion = 10.0.40219.1
Project("{8BC9CEB8-8B4A-11D0-8D11-00A0C91BC942}") = "UWPDumper", "UWPDumper\UWPDumper.vcxproj", "{169F3E39-2CC2-4136-AD6A-23EA935AE150}"
EndProject
Project("{8BC9CEB8-8B4A-11D0-8D11-00A0C91BC942}") = "UWPInjector", "UWPInjector\UWPInjector.vcxproj", "{7B3AF0F2-1ADD-4145-B91F-328829797CEE}"
	ProjectSection(ProjectDependencies) = postProject
		{169F3E39-2CC2-4136-AD6A-23EA935AE150} = {169F3E39-2CC2-4136-AD6A-23EA935AE150}
	EndProjectSection
EndProject
Global
	GlobalSection(SolutionConfigurationPlatforms) = preSolution
		Debug|x64 = Debug|x64
		Debug|x86 = Debug|x86
		Release|x64 = Release|x64
		Release|x86 = Release|x86
	EndGlobalSection
	GlobalSection(ProjectConfigurationPlatforms) = postSolution
		{169F3E39-2CC2-4136-AD6A-23EA935AE150}.Debug|x64.ActiveCfg = Debug|x64
		{169F3E39-2CC2-4136-AD6A-23EA935AE150}.Debug|x64.Build.0 = Debug|x64
		{169F3E39-2CC2-4136-AD6A-23EA935AE150}.Debug|x86.ActiveCfg = Debug|Win32
		{169F3E39-2CC2-4136-AD6A-23EA935AE150}.Debug|x86.Build.0 = Debug|Win32
		{169F3E39-2CC2-4136-AD6A-23EA935AE150}.Release|x64.ActiveCfg = Release|x64
		{169F3E39-2CC2-4136-AD6A-23EA935AE150}.Release|x64.Build.0 = Release|x64
		{169F3E39-2CC2-4136-AD6A-23EA935AE150}.Release|x86.ActiveCfg = Release|Win32
		{169F3E39-2CC2-4136-AD6A-23EA935AE150}.Release|x86.Build.0 = Release|Win32
		{7B3AF0F2-1ADD-4145-B91F-328829797CEE}.Debug|x64.ActiveCfg = Debug|x64
		{7B3AF0F2-1ADD-4145-B91F-328829797CEE}.Debug|x64.Build.0 = Debug|x64
		{7B3AF0F2-1ADD-4145-B91F-328829797CEE}.Debug|x86.ActiveCfg = Debug|Win32
		{7B3AF0F2-1ADD-4145-B91F-328829797CEE}.Debug|x86.Build.0 = Debug|Win32
		{7B3AF0F2-1ADD-4145-B91F-328829797CEE}.Release|x64.ActiveCfg = Release|x64
		{7B3AF0F2-1ADD-4145-B91F-328829797CEE}.Release|x64.Build.0 = Release|x64
		{7B3AF0F2-1ADD-4145-B91F-328829797CEE}.Release|x86.ActiveCfg = Release|Win32
		{7B3AF0F2-1ADD-4145-B91F-328829797CEE}.Release|x86.Build.0 = Release|Win32
	EndGlobalSection
	GlobalSection(SolutionProperties) = preSolution
		HideSolutionNode = FALSE
	EndGlobalSection
	GlobalSection(ExtensibilityGlobals) = postSolution
		SolutionGuid = {1FA5234E-E9F8-4E87-A03C-DA17B6288C27}
	EndGlobalSection
EndGlobal
